
Microsoft Visual Studio Solution File, Format Version 12.00
# Visual Studio Version 16
VisualStudioVersion = 16.0.29326.143
MinimumVisualStudioVersion = 10.0.40219.1
Project("{9A19103F-16F7-4668-BE54-9A1E7A4F7556}") = "LedDashboard", "LedDashboard\LedDashboard.csproj", "{AD75C0B1-A782-4A79-888D-A7D2DAFA6B75}"
EndProject
Project("{9A19103F-16F7-4668-BE54-9A1E7A4F7556}") = "ChromaSDK", "ChromaSDK\ChromaSDK.csproj", "{74B5CFA3-8F45-4DB8-8DD6-BA8126A4F4BD}"
EndProject
Project("{9A19103F-16F7-4668-BE54-9A1E7A4F7556}") = "LeagueOfLegends", "LeagueOfLegends\LeagueOfLegends.csproj", "{00ED0CBB-F29B-433C-B5C7-B81D31CFDBF1}"
EndProject
Project("{9A19103F-16F7-4668-BE54-9A1E7A4F7556}") = "LedDashboardCore", "LedDashboardCore\LedDashboardCore.csproj", "{552F632D-3C3B-432F-B2DD-E6D225013534}"
EndProject
Global
	GlobalSection(SolutionConfigurationPlatforms) = preSolution
		Debug|Any CPU = Debug|Any CPU
		Debug|x64 = Debug|x64
		Release|Any CPU = Release|Any CPU
		Release|x64 = Release|x64
	EndGlobalSection
	GlobalSection(ProjectConfigurationPlatforms) = postSolution
		{AD75C0B1-A782-4A79-888D-A7D2DAFA6B75}.Debug|Any CPU.ActiveCfg = Debug|Any CPU
		{AD75C0B1-A782-4A79-888D-A7D2DAFA6B75}.Debug|Any CPU.Build.0 = Debug|Any CPU
		{AD75C0B1-A782-4A79-888D-A7D2DAFA6B75}.Debug|x64.ActiveCfg = Debug|Any CPU
		{AD75C0B1-A782-4A79-888D-A7D2DAFA6B75}.Debug|x64.Build.0 = Debug|Any CPU
		{AD75C0B1-A782-4A79-888D-A7D2DAFA6B75}.Release|Any CPU.ActiveCfg = Release|Any CPU
		{AD75C0B1-A782-4A79-888D-A7D2DAFA6B75}.Release|Any CPU.Build.0 = Release|Any CPU
		{AD75C0B1-A782-4A79-888D-A7D2DAFA6B75}.Release|x64.ActiveCfg = Release|Any CPU
		{AD75C0B1-A782-4A79-888D-A7D2DAFA6B75}.Release|x64.Build.0 = Release|Any CPU
		{74B5CFA3-8F45-4DB8-8DD6-BA8126A4F4BD}.Debug|Any CPU.ActiveCfg = Debug|Any CPU
		{74B5CFA3-8F45-4DB8-8DD6-BA8126A4F4BD}.Debug|Any CPU.Build.0 = Debug|Any CPU
		{74B5CFA3-8F45-4DB8-8DD6-BA8126A4F4BD}.Debug|x64.ActiveCfg = Debug|Any CPU
		{74B5CFA3-8F45-4DB8-8DD6-BA8126A4F4BD}.Debug|x64.Build.0 = Debug|Any CPU
		{74B5CFA3-8F45-4DB8-8DD6-BA8126A4F4BD}.Release|Any CPU.ActiveCfg = Release|Any CPU
		{74B5CFA3-8F45-4DB8-8DD6-BA8126A4F4BD}.Release|Any CPU.Build.0 = Release|Any CPU
		{74B5CFA3-8F45-4DB8-8DD6-BA8126A4F4BD}.Release|x64.ActiveCfg = Release|Any CPU
		{74B5CFA3-8F45-4DB8-8DD6-BA8126A4F4BD}.Release|x64.Build.0 = Release|Any CPU
		{00ED0CBB-F29B-433C-B5C7-B81D31CFDBF1}.Debug|Any CPU.ActiveCfg = Debug|Any CPU
		{00ED0CBB-F29B-433C-B5C7-B81D31CFDBF1}.Debug|Any CPU.Build.0 = Debug|Any CPU
		{00ED0CBB-F29B-433C-B5C7-B81D31CFDBF1}.Debug|x64.ActiveCfg = Debug|Any CPU
		{00ED0CBB-F29B-433C-B5C7-B81D31CFDBF1}.Debug|x64.Build.0 = Debug|Any CPU
		{00ED0CBB-F29B-433C-B5C7-B81D31CFDBF1}.Release|Any CPU.ActiveCfg = Release|Any CPU
		{00ED0CBB-F29B-433C-B5C7-B81D31CFDBF1}.Release|Any CPU.Build.0 = Release|Any CPU
		{00ED0CBB-F29B-433C-B5C7-B81D31CFDBF1}.Release|x64.ActiveCfg = Release|Any CPU
		{00ED0CBB-F29B-433C-B5C7-B81D31CFDBF1}.Release|x64.Build.0 = Release|Any CPU
		{552F632D-3C3B-432F-B2DD-E6D225013534}.Debug|Any CPU.ActiveCfg = Debug|Any CPU
		{552F632D-3C3B-432F-B2DD-E6D225013534}.Debug|Any CPU.Build.0 = Debug|Any CPU
		{552F632D-3C3B-432F-B2DD-E6D225013534}.Debug|x64.ActiveCfg = Debug|Any CPU
		{552F632D-3C3B-432F-B2DD-E6D225013534}.Debug|x64.Build.0 = Debug|Any CPU
		{552F632D-3C3B-432F-B2DD-E6D225013534}.Release|Any CPU.ActiveCfg = Release|Any CPU
		{552F632D-3C3B-432F-B2DD-E6D225013534}.Release|Any CPU.Build.0 = Release|Any CPU
		{552F632D-3C3B-432F-B2DD-E6D225013534}.Release|x64.ActiveCfg = Release|Any CPU
		{552F632D-3C3B-432F-B2DD-E6D225013534}.Release|x64.Build.0 = Release|Any CPU
	EndGlobalSection
	GlobalSection(SolutionProperties) = preSolution
		HideSolutionNode = FALSE
	EndGlobalSection
	GlobalSection(ExtensibilityGlobals) = postSolution
		SolutionGuid = {9239D8F0-1BA3-47AE-8A6E-D3162E25F644}
	EndGlobalSection
EndGlobal
