
Microsoft Visual Studio Solution File, Format Version 12.00
# Visual Studio Version 16
VisualStudioVersion = 16.0.29326.143
MinimumVisualStudioVersion = 10.0.40219.1
Project("{9A19103F-16F7-4668-BE54-9A1E7A4F7556}") = "FirelightUI", "LedDashboard\FirelightUI.csproj", "{AD75C0B1-A782-4A79-888D-A7D2DAFA6B75}"
EndProject
Project("{9A19103F-16F7-4668-BE54-9A1E7A4F7556}") = "ChromaSDK", "ChromaSDK\ChromaSDK.csproj", "{74B5CFA3-8F45-4DB8-8DD6-BA8126A4F4BD}"
EndProject
Project("{9A19103F-16F7-4668-BE54-9A1E7A4F7556}") = "LeagueOfLegends", "LeagueOfLegends\LeagueOfLegends.csproj", "{00ED0CBB-F29B-433C-B5C7-B81D31CFDBF1}"
EndProject
Project("{9A19103F-16F7-4668-BE54-9A1E7A4F7556}") = "FirelightCore", "LedDashboardCore\FirelightCore.csproj", "{552F632D-3C3B-432F-B2DD-E6D225013534}"
EndProject
Project("{9A19103F-16F7-4668-BE54-9A1E7A4F7556}") = "RocketLeague", "RocketLeague\RocketLeague.csproj", "{B36757F6-ECC4-409E-BBB6-DFE1DC55C083}"
EndProject
Project("{9A19103F-16F7-4668-BE54-9A1E7A4F7556}") = "FirelightService", "FirelightService\FirelightService.csproj", "{CC6BC956-15C9-423E-89FF-C6979B9E33F1}"
EndProject
Project("{D954291E-2A0B-460D-934E-DC6B0785DB48}") = "SharedLib", "SharedLib\SharedLib.shproj", "{0C2C4DD9-EE7B-4AA6-AEC6-9AE04AD39C8A}"
EndProject
Global
	GlobalSection(SharedMSBuildProjectFiles) = preSolution
		SharedLib\SharedLib.projitems*{0c2c4dd9-ee7b-4aa6-aec6-9ae04ad39c8a}*SharedItemsImports = 13
	EndGlobalSection
	GlobalSection(SolutionConfigurationPlatforms) = preSolution
		Debug|Any CPU = Debug|Any CPU
		Debug|x64 = Debug|x64
		Release|Any CPU = Release|Any CPU
		Release|x64 = Release|x64
	EndGlobalSection
	GlobalSection(ProjectConfigurationPlatforms) = postSolution
		{AD75C0B1-A782-4A79-888D-A7D2DAFA6B75}.Debug|Any CPU.ActiveCfg = Debug|Any CPU
		{AD75C0B1-A782-4A79-888D-A7D2DAFA6B75}.Debug|Any CPU.Build.0 = Debug|Any CPU
		{AD75C0B1-A782-4A79-888D-A7D2DAFA6B75}.Debug|x64.ActiveCfg = Debug|Any CPU
		{AD75C0B1-A782-4A79-888D-A7D2DAFA6B75}.Debug|x64.Build.0 = Debug|Any CPU
		{AD75C0B1-A782-4A79-888D-A7D2DAFA6B75}.Release|Any CPU.ActiveCfg = Release|Any CPU
		{AD75C0B1-A782-4A79-888D-A7D2DAFA6B75}.Release|Any CPU.Build.0 = Release|Any CPU
		{AD75C0B1-A782-4A79-888D-A7D2DAFA6B75}.Release|x64.ActiveCfg = Release|Any CPU
		{AD75C0B1-A782-4A79-888D-A7D2DAFA6B75}.Release|x64.Build.0 = Release|Any CPU
		{74B5CFA3-8F45-4DB8-8DD6-BA8126A4F4BD}.Debug|Any CPU.ActiveCfg = Debug|Any CPU
		{74B5CFA3-8F45-4DB8-8DD6-BA8126A4F4BD}.Debug|Any CPU.Build.0 = Debug|Any CPU
		{74B5CFA3-8F45-4DB8-8DD6-BA8126A4F4BD}.Debug|x64.ActiveCfg = Debug|Any CPU
		{74B5CFA3-8F45-4DB8-8DD6-BA8126A4F4BD}.Debug|x64.Build.0 = Debug|Any CPU
		{74B5CFA3-8F45-4DB8-8DD6-BA8126A4F4BD}.Release|Any CPU.ActiveCfg = Release|Any CPU
		{74B5CFA3-8F45-4DB8-8DD6-BA8126A4F4BD}.Release|Any CPU.Build.0 = Release|Any CPU
		{74B5CFA3-8F45-4DB8-8DD6-BA8126A4F4BD}.Release|x64.ActiveCfg = Release|Any CPU
		{74B5CFA3-8F45-4DB8-8DD6-BA8126A4F4BD}.Release|x64.Build.0 = Release|Any CPU
		{00ED0CBB-F29B-433C-B5C7-B81D31CFDBF1}.Debug|Any CPU.ActiveCfg = Debug|Any CPU
		{00ED0CBB-F29B-433C-B5C7-B81D31CFDBF1}.Debug|Any CPU.Build.0 = Debug|Any CPU
		{00ED0CBB-F29B-433C-B5C7-B81D31CFDBF1}.Debug|x64.ActiveCfg = Debug|Any CPU
		{00ED0CBB-F29B-433C-B5C7-B81D31CFDBF1}.Debug|x64.Build.0 = Debug|Any CPU
		{00ED0CBB-F29B-433C-B5C7-B81D31CFDBF1}.Release|Any CPU.ActiveCfg = Release|Any CPU
		{00ED0CBB-F29B-433C-B5C7-B81D31CFDBF1}.Release|Any CPU.Build.0 = Release|Any CPU
		{00ED0CBB-F29B-433C-B5C7-B81D31CFDBF1}.Release|x64.ActiveCfg = Release|Any CPU
		{00ED0CBB-F29B-433C-B5C7-B81D31CFDBF1}.Release|x64.Build.0 = Release|Any CPU
		{552F632D-3C3B-432F-B2DD-E6D225013534}.Debug|Any CPU.ActiveCfg = Debug|Any CPU
		{552F632D-3C3B-432F-B2DD-E6D225013534}.Debug|Any CPU.Build.0 = Debug|Any CPU
		{552F632D-3C3B-432F-B2DD-E6D225013534}.Debug|x64.ActiveCfg = Debug|Any CPU
		{552F632D-3C3B-432F-B2DD-E6D225013534}.Debug|x64.Build.0 = Debug|Any CPU
		{552F632D-3C3B-432F-B2DD-E6D225013534}.Release|Any CPU.ActiveCfg = Release|Any CPU
		{552F632D-3C3B-432F-B2DD-E6D225013534}.Release|Any CPU.Build.0 = Release|Any CPU
		{552F632D-3C3B-432F-B2DD-E6D225013534}.Release|x64.ActiveCfg = Release|Any CPU
		{552F632D-3C3B-432F-B2DD-E6D225013534}.Release|x64.Build.0 = Release|Any CPU
		{B36757F6-ECC4-409E-BBB6-DFE1DC55C083}.Debug|Any CPU.ActiveCfg = Debug|Any CPU
		{B36757F6-ECC4-409E-BBB6-DFE1DC55C083}.Debug|Any CPU.Build.0 = Debug|Any CPU
		{B36757F6-ECC4-409E-BBB6-DFE1DC55C083}.Debug|x64.ActiveCfg = Debug|Any CPU
		{B36757F6-ECC4-409E-BBB6-DFE1DC55C083}.Debug|x64.Build.0 = Debug|Any CPU
		{B36757F6-ECC4-409E-BBB6-DFE1DC55C083}.Release|Any CPU.ActiveCfg = Release|Any CPU
		{B36757F6-ECC4-409E-BBB6-DFE1DC55C083}.Release|Any CPU.Build.0 = Release|Any CPU
		{B36757F6-ECC4-409E-BBB6-DFE1DC55C083}.Release|x64.ActiveCfg = Release|Any CPU
		{B36757F6-ECC4-409E-BBB6-DFE1DC55C083}.Release|x64.Build.0 = Release|Any CPU
		{CC6BC956-15C9-423E-89FF-C6979B9E33F1}.Debug|Any CPU.ActiveCfg = Debug|Any CPU
		{CC6BC956-15C9-423E-89FF-C6979B9E33F1}.Debug|Any CPU.Build.0 = Debug|Any CPU
		{CC6BC956-15C9-423E-89FF-C6979B9E33F1}.Debug|x64.ActiveCfg = Debug|Any CPU
		{CC6BC956-15C9-423E-89FF-C6979B9E33F1}.Debug|x64.Build.0 = Debug|Any CPU
		{CC6BC956-15C9-423E-89FF-C6979B9E33F1}.Release|Any CPU.ActiveCfg = Release|Any CPU
		{CC6BC956-15C9-423E-89FF-C6979B9E33F1}.Release|Any CPU.Build.0 = Release|Any CPU
		{CC6BC956-15C9-423E-89FF-C6979B9E33F1}.Release|x64.ActiveCfg = Release|Any CPU
		{CC6BC956-15C9-423E-89FF-C6979B9E33F1}.Release|x64.Build.0 = Release|Any CPU
	EndGlobalSection
	GlobalSection(SolutionProperties) = preSolution
		HideSolutionNode = FALSE
	EndGlobalSection
	GlobalSection(ExtensibilityGlobals) = postSolution
		SolutionGuid = {9239D8F0-1BA3-47AE-8A6E-D3162E25F644}
	EndGlobalSection
EndGlobal
